
Microsoft Visual Studio Solution File, Format Version 12.00
# Visual Studio 15
VisualStudioVersion = 15.0.26403.7
MinimumVisualStudioVersion = 10.0.40219.1
Project("{FAE04EC0-301F-11D3-BF4B-00C04F79EFBC}") = "22.06", "22.06\22.06.csproj", "{F0E2C3F7-52E0-43C0-A7FD-C2B604645C9F}"
EndProject
Project("{FAE04EC0-301F-11D3-BF4B-00C04F79EFBC}") = "vacation", "vacation\vacation.csproj", "{DDA2C0D4-0E8D-4900-837F-3B3EAE260F6F}"
EndProject
Project("{FAE04EC0-301F-11D3-BF4B-00C04F79EFBC}") = "trainers salary", "trainers salary\trainers salary.csproj", "{2DDD0411-D675-4777-BCAD-C73A0C6B80A8}"
EndProject
Project("{FAE04EC0-301F-11D3-BF4B-00C04F79EFBC}") = "Hourglass", "Hourglass\Hourglass.csproj", "{B3DDC9AE-886F-4413-BD06-CD0A265D234C}"
EndProject
Project("{FAE04EC0-301F-11D3-BF4B-00C04F79EFBC}") = "Two Numbers Sum", "Two Numbers Sum\Two Numbers Sum.csproj", "{42C8DD47-30B0-4A0E-8C0E-CC5CA9953CF5}"
EndProject
Project("{FAE04EC0-301F-11D3-BF4B-00C04F79EFBC}") = "Controlnumber", "Controlnumber\Controlnumber.csproj", "{E2CC64BC-6342-4789-A323-2CCA54DE583A}"
EndProject
Project("{FAE04EC0-301F-11D3-BF4B-00C04F79EFBC}") = "doghouse", "doghouse\doghouse.csproj", "{832A4A5B-FBCA-4A83-BBE8-3B27E47572F3}"
EndProject
Project("{FAE04EC0-301F-11D3-BF4B-00C04F79EFBC}") = "softuni logo", "softuni logo\softuni logo.csproj", "{60C2AD00-AE9C-4B2B-8B44-80EF981B13A6}"
EndProject
Project("{FAE04EC0-301F-11D3-BF4B-00C04F79EFBC}") = "bike", "bike\bike.csproj", "{D00BF8D9-AFCA-415C-851F-9E8B4D261DE6}"
EndProject
Project("{FAE04EC0-301F-11D3-BF4B-00C04F79EFBC}") = "hospital", "hospital\hospital.csproj", "{0E7AEBCC-4EF8-4713-BA7B-23BBF661FFED}"
EndProject
Project("{FAE04EC0-301F-11D3-BF4B-00C04F79EFBC}") = "fox", "fox\fox.csproj", "{0A8FEF81-7653-4C0C-B18F-254E30A0A7C8}"
EndProject
Project("{FAE04EC0-301F-11D3-BF4B-00C04F79EFBC}") = "letters", "letters\letters.csproj", "{49DE4D5B-B925-4307-A70A-7F02B55ECA12}"
EndProject
Project("{FAE04EC0-301F-11D3-BF4B-00C04F79EFBC}") = "battles", "battles\battles.csproj", "{9391859B-F98C-4DC8-B79D-9818EF10C15C}"
EndProject
Project("{FAE04EC0-301F-11D3-BF4B-00C04F79EFBC}") = "maxCombinations", "maxCombinations\maxCombinations.csproj", "{0BD72B7D-8C93-4C02-88FB-543B62D6E8B4}"
EndProject
Project("{FAE04EC0-301F-11D3-BF4B-00C04F79EFBC}") = "01", "01\01.csproj", "{B0B392D0-26FE-4B28-A0EE-ED3555DB7460}"
EndProject
Project("{FAE04EC0-301F-11D3-BF4B-00C04F79EFBC}") = "02", "02\02.csproj", "{475DEB79-116D-429F-A824-3545A8C2135C}"
EndProject
Project("{FAE04EC0-301F-11D3-BF4B-00C04F79EFBC}") = "03", "03\03.csproj", "{C194A98F-6DE9-4AF1-A3EB-4779C0B2C1D4}"
EndProject
Project("{FAE04EC0-301F-11D3-BF4B-00C04F79EFBC}") = "04", "04\04.csproj", "{26FC460E-0CE6-4204-94DF-FACE4DB4C651}"
EndProject
Project("{FAE04EC0-301F-11D3-BF4B-00C04F79EFBC}") = "05", "05\05.csproj", "{027B854C-029F-47AF-B397-4D07E28D35E2}"
EndProject
Project("{FAE04EC0-301F-11D3-BF4B-00C04F79EFBC}") = "06", "06\06.csproj", "{FAE721F5-AB41-46AA-BB1F-EF22B5A5349F}"
EndProject
Project("{FAE04EC0-301F-11D3-BF4B-00C04F79EFBC}") = "ConsoleApp1", "ConsoleApp1\ConsoleApp1.csproj", "{85388778-1137-4B40-BFA8-19B840230471}"
EndProject
Global
	GlobalSection(SolutionConfigurationPlatforms) = preSolution
		Debug|Any CPU = Debug|Any CPU
		Release|Any CPU = Release|Any CPU
	EndGlobalSection
	GlobalSection(ProjectConfigurationPlatforms) = postSolution
		{F0E2C3F7-52E0-43C0-A7FD-C2B604645C9F}.Debug|Any CPU.ActiveCfg = Debug|Any CPU
		{F0E2C3F7-52E0-43C0-A7FD-C2B604645C9F}.Debug|Any CPU.Build.0 = Debug|Any CPU
		{F0E2C3F7-52E0-43C0-A7FD-C2B604645C9F}.Release|Any CPU.ActiveCfg = Release|Any CPU
		{F0E2C3F7-52E0-43C0-A7FD-C2B604645C9F}.Release|Any CPU.Build.0 = Release|Any CPU
		{DDA2C0D4-0E8D-4900-837F-3B3EAE260F6F}.Debug|Any CPU.ActiveCfg = Debug|Any CPU
		{DDA2C0D4-0E8D-4900-837F-3B3EAE260F6F}.Debug|Any CPU.Build.0 = Debug|Any CPU
		{DDA2C0D4-0E8D-4900-837F-3B3EAE260F6F}.Release|Any CPU.ActiveCfg = Release|Any CPU
		{DDA2C0D4-0E8D-4900-837F-3B3EAE260F6F}.Release|Any CPU.Build.0 = Release|Any CPU
		{2DDD0411-D675-4777-BCAD-C73A0C6B80A8}.Debug|Any CPU.ActiveCfg = Debug|Any CPU
		{2DDD0411-D675-4777-BCAD-C73A0C6B80A8}.Debug|Any CPU.Build.0 = Debug|Any CPU
		{2DDD0411-D675-4777-BCAD-C73A0C6B80A8}.Release|Any CPU.ActiveCfg = Release|Any CPU
		{2DDD0411-D675-4777-BCAD-C73A0C6B80A8}.Release|Any CPU.Build.0 = Release|Any CPU
		{B3DDC9AE-886F-4413-BD06-CD0A265D234C}.Debug|Any CPU.ActiveCfg = Debug|Any CPU
		{B3DDC9AE-886F-4413-BD06-CD0A265D234C}.Debug|Any CPU.Build.0 = Debug|Any CPU
		{B3DDC9AE-886F-4413-BD06-CD0A265D234C}.Release|Any CPU.ActiveCfg = Release|Any CPU
		{B3DDC9AE-886F-4413-BD06-CD0A265D234C}.Release|Any CPU.Build.0 = Release|Any CPU
		{42C8DD47-30B0-4A0E-8C0E-CC5CA9953CF5}.Debug|Any CPU.ActiveCfg = Debug|Any CPU
		{42C8DD47-30B0-4A0E-8C0E-CC5CA9953CF5}.Debug|Any CPU.Build.0 = Debug|Any CPU
		{42C8DD47-30B0-4A0E-8C0E-CC5CA9953CF5}.Release|Any CPU.ActiveCfg = Release|Any CPU
		{42C8DD47-30B0-4A0E-8C0E-CC5CA9953CF5}.Release|Any CPU.Build.0 = Release|Any CPU
		{E2CC64BC-6342-4789-A323-2CCA54DE583A}.Debug|Any CPU.ActiveCfg = Debug|Any CPU
		{E2CC64BC-6342-4789-A323-2CCA54DE583A}.Debug|Any CPU.Build.0 = Debug|Any CPU
		{E2CC64BC-6342-4789-A323-2CCA54DE583A}.Release|Any CPU.ActiveCfg = Release|Any CPU
		{E2CC64BC-6342-4789-A323-2CCA54DE583A}.Release|Any CPU.Build.0 = Release|Any CPU
		{832A4A5B-FBCA-4A83-BBE8-3B27E47572F3}.Debug|Any CPU.ActiveCfg = Debug|Any CPU
		{832A4A5B-FBCA-4A83-BBE8-3B27E47572F3}.Debug|Any CPU.Build.0 = Debug|Any CPU
		{832A4A5B-FBCA-4A83-BBE8-3B27E47572F3}.Release|Any CPU.ActiveCfg = Release|Any CPU
		{832A4A5B-FBCA-4A83-BBE8-3B27E47572F3}.Release|Any CPU.Build.0 = Release|Any CPU
		{60C2AD00-AE9C-4B2B-8B44-80EF981B13A6}.Debug|Any CPU.ActiveCfg = Debug|Any CPU
		{60C2AD00-AE9C-4B2B-8B44-80EF981B13A6}.Debug|Any CPU.Build.0 = Debug|Any CPU
		{60C2AD00-AE9C-4B2B-8B44-80EF981B13A6}.Release|Any CPU.ActiveCfg = Release|Any CPU
		{60C2AD00-AE9C-4B2B-8B44-80EF981B13A6}.Release|Any CPU.Build.0 = Release|Any CPU
		{D00BF8D9-AFCA-415C-851F-9E8B4D261DE6}.Debug|Any CPU.ActiveCfg = Debug|Any CPU
		{D00BF8D9-AFCA-415C-851F-9E8B4D261DE6}.Debug|Any CPU.Build.0 = Debug|Any CPU
		{D00BF8D9-AFCA-415C-851F-9E8B4D261DE6}.Release|Any CPU.ActiveCfg = Release|Any CPU
		{D00BF8D9-AFCA-415C-851F-9E8B4D261DE6}.Release|Any CPU.Build.0 = Release|Any CPU
		{0E7AEBCC-4EF8-4713-BA7B-23BBF661FFED}.Debug|Any CPU.ActiveCfg = Debug|Any CPU
		{0E7AEBCC-4EF8-4713-BA7B-23BBF661FFED}.Debug|Any CPU.Build.0 = Debug|Any CPU
		{0E7AEBCC-4EF8-4713-BA7B-23BBF661FFED}.Release|Any CPU.ActiveCfg = Release|Any CPU
		{0E7AEBCC-4EF8-4713-BA7B-23BBF661FFED}.Release|Any CPU.Build.0 = Release|Any CPU
		{0A8FEF81-7653-4C0C-B18F-254E30A0A7C8}.Debug|Any CPU.ActiveCfg = Debug|Any CPU
		{0A8FEF81-7653-4C0C-B18F-254E30A0A7C8}.Debug|Any CPU.Build.0 = Debug|Any CPU
		{0A8FEF81-7653-4C0C-B18F-254E30A0A7C8}.Release|Any CPU.ActiveCfg = Release|Any CPU
		{0A8FEF81-7653-4C0C-B18F-254E30A0A7C8}.Release|Any CPU.Build.0 = Release|Any CPU
		{49DE4D5B-B925-4307-A70A-7F02B55ECA12}.Debug|Any CPU.ActiveCfg = Debug|Any CPU
		{49DE4D5B-B925-4307-A70A-7F02B55ECA12}.Debug|Any CPU.Build.0 = Debug|Any CPU
		{49DE4D5B-B925-4307-A70A-7F02B55ECA12}.Release|Any CPU.ActiveCfg = Release|Any CPU
		{49DE4D5B-B925-4307-A70A-7F02B55ECA12}.Release|Any CPU.Build.0 = Release|Any CPU
		{9391859B-F98C-4DC8-B79D-9818EF10C15C}.Debug|Any CPU.ActiveCfg = Debug|Any CPU
		{9391859B-F98C-4DC8-B79D-9818EF10C15C}.Debug|Any CPU.Build.0 = Debug|Any CPU
		{9391859B-F98C-4DC8-B79D-9818EF10C15C}.Release|Any CPU.ActiveCfg = Release|Any CPU
		{9391859B-F98C-4DC8-B79D-9818EF10C15C}.Release|Any CPU.Build.0 = Release|Any CPU
		{0BD72B7D-8C93-4C02-88FB-543B62D6E8B4}.Debug|Any CPU.ActiveCfg = Debug|Any CPU
		{0BD72B7D-8C93-4C02-88FB-543B62D6E8B4}.Debug|Any CPU.Build.0 = Debug|Any CPU
		{0BD72B7D-8C93-4C02-88FB-543B62D6E8B4}.Release|Any CPU.ActiveCfg = Release|Any CPU
		{0BD72B7D-8C93-4C02-88FB-543B62D6E8B4}.Release|Any CPU.Build.0 = Release|Any CPU
		{B0B392D0-26FE-4B28-A0EE-ED3555DB7460}.Debug|Any CPU.ActiveCfg = Debug|Any CPU
		{B0B392D0-26FE-4B28-A0EE-ED3555DB7460}.Debug|Any CPU.Build.0 = Debug|Any CPU
		{B0B392D0-26FE-4B28-A0EE-ED3555DB7460}.Release|Any CPU.ActiveCfg = Release|Any CPU
		{B0B392D0-26FE-4B28-A0EE-ED3555DB7460}.Release|Any CPU.Build.0 = Release|Any CPU
		{475DEB79-116D-429F-A824-3545A8C2135C}.Debug|Any CPU.ActiveCfg = Debug|Any CPU
		{475DEB79-116D-429F-A824-3545A8C2135C}.Debug|Any CPU.Build.0 = Debug|Any CPU
		{475DEB79-116D-429F-A824-3545A8C2135C}.Release|Any CPU.ActiveCfg = Release|Any CPU
		{475DEB79-116D-429F-A824-3545A8C2135C}.Release|Any CPU.Build.0 = Release|Any CPU
		{C194A98F-6DE9-4AF1-A3EB-4779C0B2C1D4}.Debug|Any CPU.ActiveCfg = Debug|Any CPU
		{C194A98F-6DE9-4AF1-A3EB-4779C0B2C1D4}.Debug|Any CPU.Build.0 = Debug|Any CPU
		{C194A98F-6DE9-4AF1-A3EB-4779C0B2C1D4}.Release|Any CPU.ActiveCfg = Release|Any CPU
		{C194A98F-6DE9-4AF1-A3EB-4779C0B2C1D4}.Release|Any CPU.Build.0 = Release|Any CPU
		{26FC460E-0CE6-4204-94DF-FACE4DB4C651}.Debug|Any CPU.ActiveCfg = Debug|Any CPU
		{26FC460E-0CE6-4204-94DF-FACE4DB4C651}.Debug|Any CPU.Build.0 = Debug|Any CPU
		{26FC460E-0CE6-4204-94DF-FACE4DB4C651}.Release|Any CPU.ActiveCfg = Release|Any CPU
		{26FC460E-0CE6-4204-94DF-FACE4DB4C651}.Release|Any CPU.Build.0 = Release|Any CPU
		{027B854C-029F-47AF-B397-4D07E28D35E2}.Debug|Any CPU.ActiveCfg = Debug|Any CPU
		{027B854C-029F-47AF-B397-4D07E28D35E2}.Debug|Any CPU.Build.0 = Debug|Any CPU
		{027B854C-029F-47AF-B397-4D07E28D35E2}.Release|Any CPU.ActiveCfg = Release|Any CPU
		{027B854C-029F-47AF-B397-4D07E28D35E2}.Release|Any CPU.Build.0 = Release|Any CPU
		{FAE721F5-AB41-46AA-BB1F-EF22B5A5349F}.Debug|Any CPU.ActiveCfg = Debug|Any CPU
		{FAE721F5-AB41-46AA-BB1F-EF22B5A5349F}.Debug|Any CPU.Build.0 = Debug|Any CPU
		{FAE721F5-AB41-46AA-BB1F-EF22B5A5349F}.Release|Any CPU.ActiveCfg = Release|Any CPU
		{FAE721F5-AB41-46AA-BB1F-EF22B5A5349F}.Release|Any CPU.Build.0 = Release|Any CPU
		{85388778-1137-4B40-BFA8-19B840230471}.Debug|Any CPU.ActiveCfg = Debug|Any CPU
		{85388778-1137-4B40-BFA8-19B840230471}.Debug|Any CPU.Build.0 = Debug|Any CPU
		{85388778-1137-4B40-BFA8-19B840230471}.Release|Any CPU.ActiveCfg = Release|Any CPU
		{85388778-1137-4B40-BFA8-19B840230471}.Release|Any CPU.Build.0 = Release|Any CPU
	EndGlobalSection
	GlobalSection(SolutionProperties) = preSolution
		HideSolutionNode = FALSE
	EndGlobalSection
EndGlobal
